
Microsoft Visual Studio Solution File, Format Version 12.00
# Visual Studio Version 17
VisualStudioVersion = 17.0.31919.166
MinimumVisualStudioVersion = 10.0.40219.1
Project("{FAE04EC0-301F-11D3-BF4B-00C04F79EFBC}") = "DockerWebApiDemo", "DockerWebApiDemo\DockerWebApiDemo.csproj", "{B7ECD998-DCC3-4985-83E1-78F56BFE2DB3}"
EndProject
Global
	GlobalSection(SolutionConfigurationPlatforms) = preSolution
		Debug|Any CPU = Debug|Any CPU
		Release|Any CPU = Release|Any CPU
	EndGlobalSection
	GlobalSection(ProjectConfigurationPlatforms) = postSolution
		{B7ECD998-DCC3-4985-83E1-78F56BFE2DB3}.Debug|Any CPU.ActiveCfg = Debug|Any CPU
		{B7ECD998-DCC3-4985-83E1-78F56BFE2DB3}.Debug|Any CPU.Build.0 = Debug|Any CPU
		{B7ECD998-DCC3-4985-83E1-78F56BFE2DB3}.Release|Any CPU.ActiveCfg = Release|Any CPU
		{B7ECD998-DCC3-4985-83E1-78F56BFE2DB3}.Release|Any CPU.Build.0 = Release|Any CPU
	EndGlobalSection
	GlobalSection(SolutionProperties) = preSolution
		HideSolutionNode = FALSE
	EndGlobalSection
	GlobalSection(ExtensibilityGlobals) = postSolution
		SolutionGuid = {2A820E3E-E718-4CD1-9175-5838E3641769}
	EndGlobalSection
EndGlobal
